
Microsoft Visual Studio Solution File, Format Version 12.00
# Visual Studio Version 16
VisualStudioVersion = 16.0.32428.217
MinimumVisualStudioVersion = 10.0.40219.1
Project("{FAE04EC0-301F-11D3-BF4B-00C04F79EFBC}") = "TestProject1", "TestProject1\TestProject1.csproj", "{9DB9498D-AE83-496B-8BEF-5B88A308C982}"
EndProject
Global
	GlobalSection(SolutionConfigurationPlatforms) = preSolution
		Debug|Any CPU = Debug|Any CPU
		Release|Any CPU = Release|Any CPU
	EndGlobalSection
	GlobalSection(ProjectConfigurationPlatforms) = postSolution
		{9DB9498D-AE83-496B-8BEF-5B88A308C982}.Debug|Any CPU.ActiveCfg = Debug|Any CPU
		{9DB9498D-AE83-496B-8BEF-5B88A308C982}.Debug|Any CPU.Build.0 = Debug|Any CPU
		{9DB9498D-AE83-496B-8BEF-5B88A308C982}.Release|Any CPU.ActiveCfg = Release|Any CPU
		{9DB9498D-AE83-496B-8BEF-5B88A308C982}.Release|Any CPU.Build.0 = Release|Any CPU
	EndGlobalSection
	GlobalSection(SolutionProperties) = preSolution
		HideSolutionNode = FALSE
	EndGlobalSection
	GlobalSection(ExtensibilityGlobals) = postSolution
		SolutionGuid = {DDE7A988-35B3-4AA8-B5B1-5CF4AAE1A518}
	EndGlobalSection
EndGlobal
